PODS:
  - APParallaxHeader (0.1.6)
  - BlocksKit (2.2.5):
    - BlocksKit/All (= 2.2.5)
  - BlocksKit/All (2.2.5):
    - BlocksKit/Core
    - BlocksKit/DynamicDelegate
    - BlocksKit/MessageUI
    - BlocksKit/UIKit
  - BlocksKit/Core (2.2.5)
  - BlocksKit/DynamicDelegate (2.2.5)
  - BlocksKit/MessageUI (2.2.5):
    - BlocksKit/Core
    - BlocksKit/DynamicDelegate
  - BlocksKit/UIKit (2.2.5):
    - BlocksKit/Core
    - BlocksKit/DynamicDelegate
  - evernote-cloud-sdk-ios (2.0.2)
  - FontAwesome+iOS (0.1.4)
  - hpple (0.2.0)
  - iVersion (1.11.4)
  - JazzHands (2.0.0)
  - MarqueeLabel (2.2.5)
  - Masonry (0.5.3)
  - MBProgressHUD (0.9)
  - MMMarkdown (0.3)
  - NYXImagesKit (2.3)
  - pop (1.0.7)
  - POP+MCAnimate (2.0.1):
    - pop (~> 1.0)
    - POP+MCAnimate/Animations (= 2.0.1)
    - POP+MCAnimate/Group (= 2.0.1)
    - POP+MCAnimate/Internal (= 2.0.1)
    - POP+MCAnimate/Shorthand (= 2.0.1)
    - POP+MCAnimate/Velocity (= 2.0.1)
  - POP+MCAnimate/Animations (2.0.1):
    - pop (~> 1.0)
    - POP+MCAnimate/Group
    - POP+MCAnimate/Internal
    - POP+MCAnimate/Shorthand
    - POP+MCAnimate/Velocity
  - POP+MCAnimate/Group (2.0.1):
    - pop (~> 1.0)
  - POP+MCAnimate/Internal (2.0.1):
    - pop (~> 1.0)
  - POP+MCAnimate/Shorthand (2.0.1):
    - pop (~> 1.0)
  - POP+MCAnimate/Velocity (2.0.1):
    - pop (~> 1.0)
    - POP+MCAnimate/Internal
  - PPiAwesomeButton (1.5.2):
    - FontAwesome+iOS
  - RBBAnimation (0.4.0)
  - ReactiveCocoa (2.3.1):
    - ReactiveCocoa/UI (= 2.3.1)
  - ReactiveCocoa/Core (2.3.1):
    - ReactiveCocoa/no-arc
  - ReactiveCocoa/no-arc (2.3.1)
  - ReactiveCocoa/UI (2.3.1):
    - ReactiveCocoa/Core
  - RegexKitLite-NoWarning (1.1.0)
  - SDCAlertView (2.5.2):
    - RBBAnimation (~> 0.3)
    - SDCAutoLayout (~> 2.0)
  - SDCAutoLayout (2.0.3)
  - SSKeychain (1.2.3)
  - TMCache (2.1.0)
  - TPKeyboardAvoiding (1.2.4)
  - TTTAttributedLabel (1.10.1)
  - UIImage+BlurredFrame (0.0.4)
  - UMengAnalytics (3.5.10)
  - UMengSocial (4.2.3)

DEPENDENCIES:
  - APParallaxHeader
  - BlocksKit (= 2.2.5)
  - evernote-cloud-sdk-ios (= 2.0.2)
  - hpple (= 0.2.0)
  - iVersion (= 1.11.4)
  - JazzHands (= 2.0.0)
  - MarqueeLabel
  - Masonry (= 0.5.3)
  - MBProgressHUD (= 0.9)
  - MMMarkdown (= 0.3)
  - NYXImagesKit (= 2.3)
  - POP+MCAnimate (= 2.0.1)
  - PPiAwesomeButton
  - ReactiveCocoa (= 2.3.1)
  - RegexKitLite-NoWarning (= 1.1.0)
  - SDCAlertView (= 2.5.2)
  - SSKeychain (= 1.2.3)
  - TMCache (= 2.1.0)
  - TPKeyboardAvoiding (= 1.2.4)
  - TTTAttributedLabel (= 1.10.1)
  - UIImage+BlurredFrame (= 0.0.4)
  - UMengAnalytics (= 3.5.10)
  - UMengSocial (= 4.2.3)

SPEC CHECKSUMS:
  APParallaxHeader: f95cf55e4122602e6bd6c477fba3ff400eacadf5
  BlocksKit: 82161d3dcbc2c1c559a456099c965e9da77291cc
  evernote-cloud-sdk-ios: f50e1e55258ecb2a7f6d53e9bde9c809691e8c84
  FontAwesome+iOS: 97536432e89396e5b9ef81d7911ec8a62c194331
  hpple: 48c3da73519a8ee14d49fda9001fa97a93453cc1
  iVersion: 6765e067fdda8e05d11f36a1420cb8aa62cc27a4
  JazzHands: 0ba9993100da7bc7a6ab7b57764ad93d68f41a71
  MarqueeLabel: 3461e3f9d4aa9a2e6d11dc29639fe2d82c2369fd
  Masonry: 1e588872db21fee862bd29c89e8584f49390c811
  MBProgressHUD: ddeaebc6b3270e726c5275a63f848b91e1ac7e8a
  MMMarkdown: 5aff89f63b53bacbff3e2629c4e478378ff62724
  NYXImagesKit: a6b83750135422680aa81e62be967cd91130a6de
  pop: 3775ed4d67a2f0b1f4188932f2d9dacc795220ec
  POP+MCAnimate: b38a4fc958b46e3380ea79046bb9fa109a1e248b
  PPiAwesomeButton: 65ee9bf044d8371f6215369723ea51b04328f15f
  RBBAnimation: b7ce5547b0807955fdff4bc844a829c6762d4861
  ReactiveCocoa: ed6e3267c2b5fffb27723015ed7138b838cfd56f
  RegexKitLite-NoWarning: 45dda57c3152fa653ccd861e8e7984d211dd449c
  SDCAlertView: fd45a867e993449ac5ae26d372423e47ac44415d
  SDCAutoLayout: 7299138eb2c36fdda59a1afdba64bc4d00a524e0
  SSKeychain: e139dd28562888fa13b48aef7234c7d9c8c3e82c
  TMCache: 708d5f5ee09566acaf4de95f418b24bb40febec9
  TPKeyboardAvoiding: 582059b5c4b8a610fb53d8115da5712ebe35de2f
  TTTAttributedLabel: ec4f73a0bec465c5a88a9c797a7e4edc756ca9dc
  UIImage+BlurredFrame: 5a65e211290be58fe4e37db53f0d7892cee1f08e
  UMengAnalytics: 07a4010a9b58eb8a51695baf9c3346f61d9d5ada
  UMengSocial: 540f782db4ba5a1a1d048c190b7d6168d9175f5a

COCOAPODS: 0.39.0
